// !$*UTF8*$!
{
	archiveVersion = 1;
	classes = {
	};
	objectVersion = 56;
	objects = {

/* Begin PBXBuildFile section */
		6726600128F1C5A8003A4E56 /* DashboardScreenView.swift in Sources */ = {isa = PBXBuildFile; fileRef = 6726600028F1C5A8003A4E56 /* DashboardScreenView.swift */; };
		6726600328F2BCB9003A4E56 /* OnboardingRegisterScreenView.swift in Sources */ = {isa = PBXBuildFile; fileRef = 6726600228F2BCB9003A4E56 /* OnboardingRegisterScreenView.swift */; };
		6726600528F2BCF4003A4E56 /* OnRegister.swift in Sources */ = {isa = PBXBuildFile; fileRef = 6726600428F2BCF4003A4E56 /* OnRegister.swift */; };
		6726600728F2C19F003A4E56 /* OffsetPageTabView.swift in Sources */ = {isa = PBXBuildFile; fileRef = 6726600628F2C19F003A4E56 /* OffsetPageTabView.swift */; };
		672871E728F15963009342DA /* AnimdoApp.swift in Sources */ = {isa = PBXBuildFile; fileRef = 672871E628F15963009342DA /* AnimdoApp.swift */; };
		672871E928F15963009342DA /* ContentView.swift in Sources */ = {isa = PBXBuildFile; fileRef = 672871E828F15963009342DA /* ContentView.swift */; };
		672871EB28F15964009342DA /* Assets.xcassets in Resources */ = {isa = PBXBuildFile; fileRef = 672871EA28F15964009342DA /* Assets.xcassets */; };
		672871EE28F15964009342DA /* Preview Assets.xcassets in Resources */ = {isa = PBXBuildFile; fileRef = 672871ED28F15964009342DA /* Preview Assets.xcassets */; };
		673AE97C28F15C26008D1D01 /* Roboto-Light.ttf in Resources */ = {isa = PBXBuildFile; fileRef = 673AE97928F15BCE008D1D01 /* Roboto-Light.ttf */; };
		673AE97D28F15C29008D1D01 /* Aladin-Regular.ttf in Resources */ = {isa = PBXBuildFile; fileRef = 673AE97828F15B98008D1D01 /* Aladin-Regular.ttf */; };
		673AE98328F15DFA008D1D01 /* JosefinSans-Bold.ttf in Resources */ = {isa = PBXBuildFile; fileRef = 673AE97F28F15DF3008D1D01 /* JosefinSans-Bold.ttf */; };
		673AE98428F15DFE008D1D01 /* JosefinSans-Light.ttf in Resources */ = {isa = PBXBuildFile; fileRef = 673AE98028F15DF4008D1D01 /* JosefinSans-Light.ttf */; };
		673AE98528F15E00008D1D01 /* JosefinSans-Regular.ttf in Resources */ = {isa = PBXBuildFile; fileRef = 673AE98128F15DF4008D1D01 /* JosefinSans-Regular.ttf */; };
		673AE98628F15E03008D1D01 /* JosefinSans-SemiBold.ttf in Resources */ = {isa = PBXBuildFile; fileRef = 673AE98228F15DF4008D1D01 /* JosefinSans-SemiBold.ttf */; };
		673AE98828F160DE008D1D01 /* SplashScreenView.swift in Sources */ = {isa = PBXBuildFile; fileRef = 673AE98728F160DE008D1D01 /* SplashScreenView.swift */; };
		673AE98A28F174D0008D1D01 /* Onboarding.swift in Sources */ = {isa = PBXBuildFile; fileRef = 673AE98928F174D0008D1D01 /* Onboarding.swift */; };
		673AE98C28F17596008D1D01 /* OnboardingScreenView.swift in Sources */ = {isa = PBXBuildFile; fileRef = 673AE98B28F17596008D1D01 /* OnboardingScreenView.swift */; };
		676F3BFF28F420B500EF9C4A /* LoginScreenView.swift in Sources */ = {isa = PBXBuildFile; fileRef = 676F3BFE28F420B500EF9C4A /* LoginScreenView.swift */; };
		676F3C0328F435FC00EF9C4A /* ImagePicker.swift in Sources */ = {isa = PBXBuildFile; fileRef = 676F3C0228F435FC00EF9C4A /* ImagePicker.swift */; };
/* End PBXBuildFile section */

/* Begin PBXFileReference section */
		6726600028F1C5A8003A4E56 /* DashboardScreenView.swift */ = {isa = PBXFileReference; lastKnownFileType = sourcecode.swift; path = DashboardScreenView.swift; sourceTree = "<group>"; };
		6726600228F2BCB9003A4E56 /* OnboardingRegisterScreenView.swift */ = {isa = PBXFileReference; lastKnownFileType = sourcecode.swift; path = OnboardingRegisterScreenView.swift; sourceTree = "<group>"; };
		6726600428F2BCF4003A4E56 /* OnRegister.swift */ = {isa = PBXFileReference; lastKnownFileType = sourcecode.swift; path = OnRegister.swift; sourceTree = "<group>"; };
		6726600628F2C19F003A4E56 /* OffsetPageTabView.swift */ = {isa = PBXFileReference; lastKnownFileType = sourcecode.swift; path = OffsetPageTabView.swift; sourceTree = "<group>"; };
		672871E328F15963009342DA /* Animdo.app */ = {isa = PBXFileReference; explicitFileType = wrapper.application; includeInIndex = 0; path = Animdo.app; sourceTree = BUILT_PRODUCTS_DIR; };
		672871E628F15963009342DA /* AnimdoApp.swift */ = {isa = PBXFileReference; lastKnownFileType = sourcecode.swift; path = AnimdoApp.swift; sourceTree = "<group>"; };
		672871E828F15963009342DA /* ContentView.swift */ = {isa = PBXFileReference; lastKnownFileType = sourcecode.swift; path = ContentView.swift; sourceTree = "<group>"; };
		672871EA28F15964009342DA /* Assets.xcassets */ = {isa = PBXFileReference; lastKnownFileType = folder.assetcatalog; path = Assets.xcassets; sourceTree = "<group>"; };
		672871ED28F15964009342DA /* Preview Assets.xcassets */ = {isa = PBXFileReference; lastKnownFileType = folder.assetcatalog; path = "Preview Assets.xcassets"; sourceTree = "<group>"; };
		673AE97828F15B98008D1D01 /* Aladin-Regular.ttf */ = {isa = PBXFileReference; lastKnownFileType = file; path = "Aladin-Regular.ttf"; sourceTree = "<group>"; };
		673AE97928F15BCE008D1D01 /* Roboto-Light.ttf */ = {isa = PBXFileReference; lastKnownFileType = file; path = "Roboto-Light.ttf"; sourceTree = "<group>"; };
		673AE97E28F15CA5008D1D01 /* Info.plist */ = {isa = PBXFileReference; lastKnownFileType = text.plist; path = Info.plist; sourceTree = "<group>"; };
		673AE97F28F15DF3008D1D01 /* JosefinSans-Bold.ttf */ = {isa = PBXFileReference; lastKnownFileType = file; path = "JosefinSans-Bold.ttf"; sourceTree = "<group>"; };
		673AE98028F15DF4008D1D01 /* JosefinSans-Light.ttf */ = {isa = PBXFileReference; lastKnownFileType = file; path = "JosefinSans-Light.ttf"; sourceTree = "<group>"; };
		673AE98128F15DF4008D1D01 /* JosefinSans-Regular.ttf */ = {isa = PBXFileReference; lastKnownFileType = file; path = "JosefinSans-Regular.ttf"; sourceTree = "<group>"; };
		673AE98228F15DF4008D1D01 /* JosefinSans-SemiBold.ttf */ = {isa = PBXFileReference; lastKnownFileType = file; path = "JosefinSans-SemiBold.ttf"; sourceTree = "<group>"; };
		673AE98728F160DE008D1D01 /* SplashScreenView.swift */ = {isa = PBXFileReference; lastKnownFileType = sourcecode.swift; path = SplashScreenView.swift; sourceTree = "<group>"; };
		673AE98928F174D0008D1D01 /* Onboarding.swift */ = {isa = PBXFileReference; lastKnownFileType = sourcecode.swift; path = Onboarding.swift; sourceTree = "<group>"; };
		673AE98B28F17596008D1D01 /* OnboardingScreenView.swift */ = {isa = PBXFileReference; lastKnownFileType = sourcecode.swift; path = OnboardingScreenView.swift; sourceTree = "<group>"; };
		676F3BFE28F420B500EF9C4A /* LoginScreenView.swift */ = {isa = PBXFileReference; lastKnownFileType = sourcecode.swift; path = LoginScreenView.swift; sourceTree = "<group>"; };
		676F3C0228F435FC00EF9C4A /* ImagePicker.swift */ = {isa = PBXFileReference; lastKnownFileType = sourcecode.swift; path = ImagePicker.swift; sourceTree = "<group>"; };
/* End PBXFileReference section */

/* Begin PBXFrameworksBuildPhase section */
		672871E028F15963009342DA /* Frameworks */ = {
			isa = PBXFrameworksBuildPhase;
			buildActionMask = 2147483647;
			files = (
			);
			runOnlyForDeploymentPostprocessing = 0;
		};
/* End PBXFrameworksBuildPhase section */

/* Begin PBXGroup section */
		672871DA28F15963009342DA = {
			isa = PBXGroup;
			children = (
				672871E528F15963009342DA /* Animdo */,
				672871E428F15963009342DA /* Products */,
			);
			sourceTree = "<group>";
		};
		672871E428F15963009342DA /* Products */ = {
			isa = PBXGroup;
			children = (
				672871E328F15963009342DA /* Animdo.app */,
			);
			name = Products;
			sourceTree = "<group>";
		};
		672871E528F15963009342DA /* Animdo */ = {
			isa = PBXGroup;
			children = (
				673AE97E28F15CA5008D1D01 /* Info.plist */,
				673AE97728F15ADF008D1D01 /* Fonts */,
				673AE97628F15AD6008D1D01 /* Views */,
				673AE97528F15ACF008D1D01 /* Models */,
				673AE97428F15AC0008D1D01 /* Services */,
				673AE97328F15AB7008D1D01 /* Screens */,
				672871E628F15963009342DA /* AnimdoApp.swift */,
				672871E828F15963009342DA /* ContentView.swift */,
				672871EA28F15964009342DA /* Assets.xcassets */,
				672871EC28F15964009342DA /* Preview Content */,
			);
			path = Animdo;
			sourceTree = "<group>";
		};
		672871EC28F15964009342DA /* Preview Content */ = {
			isa = PBXGroup;
			children = (
				672871ED28F15964009342DA /* Preview Assets.xcassets */,
			);
			path = "Preview Content";
			sourceTree = "<group>";
		};
		673AE97328F15AB7008D1D01 /* Screens */ = {
			isa = PBXGroup;
			children = (
				6726600228F2BCB9003A4E56 /* OnboardingRegisterScreenView.swift */,
				673AE98B28F17596008D1D01 /* OnboardingScreenView.swift */,
				673AE98728F160DE008D1D01 /* SplashScreenView.swift */,
				6726600028F1C5A8003A4E56 /* DashboardScreenView.swift */,
				676F3BFE28F420B500EF9C4A /* LoginScreenView.swift */,
			);
			path = Screens;
			sourceTree = "<group>";
		};
		673AE97428F15AC0008D1D01 /* Services */ = {
			isa = PBXGroup;
			children = (
			);
			path = Services;
			sourceTree = "<group>";
		};
		673AE97528F15ACF008D1D01 /* Models */ = {
			isa = PBXGroup;
			children = (
				673AE98928F174D0008D1D01 /* Onboarding.swift */,
				6726600428F2BCF4003A4E56 /* OnRegister.swift */,
			);
			path = Models;
			sourceTree = "<group>";
		};
		673AE97628F15AD6008D1D01 /* Views */ = {
			isa = PBXGroup;
			children = (
				6726600628F2C19F003A4E56 /* OffsetPageTabView.swift */,
				676F3C0228F435FC00EF9C4A /* ImagePicker.swift */,
			);
			path = Views;
			sourceTree = "<group>";
		};
		673AE97728F15ADF008D1D01 /* Fonts */ = {
			isa = PBXGroup;
			children = (
				673AE97F28F15DF3008D1D01 /* JosefinSans-Bold.ttf */,
				673AE98028F15DF4008D1D01 /* JosefinSans-Light.ttf */,
				673AE98128F15DF4008D1D01 /* JosefinSans-Regular.ttf */,
				673AE98228F15DF4008D1D01 /* JosefinSans-SemiBold.ttf */,
				673AE97928F15BCE008D1D01 /* Roboto-Light.ttf */,
				673AE97828F15B98008D1D01 /* Aladin-Regular.ttf */,
			);
			path = Fonts;
			sourceTree = "<group>";
		};
/* End PBXGroup section */

/* Begin PBXNativeTarget section */
		672871E228F15963009342DA /* Animdo */ = {
			isa = PBXNativeTarget;
			buildConfigurationList = 672871F128F15964009342DA /* Build configuration list for PBXNativeTarget "Animdo" */;
			buildPhases = (
				672871DF28F15963009342DA /* Sources */,
				672871E028F15963009342DA /* Frameworks */,
				672871E128F15963009342DA /* Resources */,
			);
			buildRules = (
			);
			dependencies = (
			);
			name = Animdo;
			productName = Animdo;
			productReference = 672871E328F15963009342DA /* Animdo.app */;
			productType = "com.apple.product-type.application";
		};
/* End PBXNativeTarget section */

/* Begin PBXProject section */
		672871DB28F15963009342DA /* Project object */ = {
			isa = PBXProject;
			attributes = {
				BuildIndependentTargetsInParallel = 1;
				LastSwiftUpdateCheck = 1400;
				LastUpgradeCheck = 1400;
				TargetAttributes = {
					672871E228F15963009342DA = {
						CreatedOnToolsVersion = 14.0;
					};
				};
			};
			buildConfigurationList = 672871DE28F15963009342DA /* Build configuration list for PBXProject "Animdo" */;
			compatibilityVersion = "Xcode 14.0";
			developmentRegion = en;
			hasScannedForEncodings = 0;
			knownRegions = (
				en,
				Base,
			);
			mainGroup = 672871DA28F15963009342DA;
			productRefGroup = 672871E428F15963009342DA /* Products */;
			projectDirPath = "";
			projectRoot = "";
			targets = (
				672871E228F15963009342DA /* Animdo */,
			);
		};
/* End PBXProject section */

/* Begin PBXResourcesBuildPhase section */
		672871E128F15963009342DA /* Resources */ = {
			isa = PBXResourcesBuildPhase;
			buildActionMask = 2147483647;
			files = (
				672871EE28F15964009342DA /* Preview Assets.xcassets in Resources */,
				672871EB28F15964009342DA /* Assets.xcassets in Resources */,
				673AE97C28F15C26008D1D01 /* Roboto-Light.ttf in Resources */,
				673AE98628F15E03008D1D01 /* JosefinSans-SemiBold.ttf in Resources */,
				673AE98428F15DFE008D1D01 /* JosefinSans-Light.ttf in Resources */,
				673AE98528F15E00008D1D01 /* JosefinSans-Regular.ttf in Resources */,
				673AE97D28F15C29008D1D01 /* Aladin-Regular.ttf in Resources */,
				673AE98328F15DFA008D1D01 /* JosefinSans-Bold.ttf in Resources */,
			);
			runOnlyForDeploymentPostprocessing = 0;
		};
/* End PBXResourcesBuildPhase section */

/* Begin PBXSourcesBuildPhase section */
		672871DF28F15963009342DA /* Sources */ = {
			isa = PBXSourcesBuildPhase;
			buildActionMask = 2147483647;
			files = (
				676F3BFF28F420B500EF9C4A /* LoginScreenView.swift in Sources */,
				6726600128F1C5A8003A4E56 /* DashboardScreenView.swift in Sources */,
				672871E928F15963009342DA /* ContentView.swift in Sources */,
				672871E728F15963009342DA /* AnimdoApp.swift in Sources */,
				6726600728F2C19F003A4E56 /* OffsetPageTabView.swift in Sources */,
				673AE98A28F174D0008D1D01 /* Onboarding.swift in Sources */,
				6726600328F2BCB9003A4E56 /* OnboardingRegisterScreenView.swift in Sources */,
				6726600528F2BCF4003A4E56 /* OnRegister.swift in Sources */,
				676F3C0328F435FC00EF9C4A /* ImagePicker.swift in Sources */,
				673AE98828F160DE008D1D01 /* SplashScreenView.swift in Sources */,
				673AE98C28F17596008D1D01 /* OnboardingScreenView.swift in Sources */,
			);
			runOnlyForDeploymentPostprocessing = 0;
		};
/* End PBXSourcesBuildPhase section */

/* Begin XCBuildConfiguration section */
		672871EF28F15964009342DA /* Debug */ = {
			isa = XCBuildConfiguration;
			buildSettings = {
				ALWAYS_SEARCH_USER_PATHS = NO;
				CLANG_ANALYZER_NONNULL = YES;
				CLANG_ANALYZER_NUMBER_OBJECT_CONVERSION = YES_AGGRESSIVE;
				CLANG_CXX_LANGUAGE_STANDARD = "gnu++20";
				CLANG_ENABLE_MODULES = YES;
				CLANG_ENABLE_OBJC_ARC = YES;
				CLANG_ENABLE_OBJC_WEAK = YES;
				CLANG_WARN_BLOCK_CAPTURE_AUTORELEASING = YES;
				CLANG_WARN_BOOL_CONVERSION = YES;
				CLANG_WARN_COMMA = YES;
				CLANG_WARN_CONSTANT_CONVERSION = YES;
				CLANG_WARN_DEPRECATED_OBJC_IMPLEMENTATIONS = YES;
				CLANG_WARN_DIRECT_OBJC_ISA_USAGE = YES_ERROR;
				CLANG_WARN_DOCUMENTATION_COMMENTS = YES;
				CLANG_WARN_EMPTY_BODY = YES;
				CLANG_WARN_ENUM_CONVERSION = YES;
				CLANG_WARN_INFINITE_RECURSION = YES;
				CLANG_WARN_INT_CONVERSION = YES;
				CLANG_WARN_NON_LITERAL_NULL_CONVERSION = YES;
				CLANG_WARN_OBJC_IMPLICIT_RETAIN_SELF = YES;
				CLANG_WARN_OBJC_LITERAL_CONVERSION = YES;
				CLANG_WARN_OBJC_ROOT_CLASS = YES_ERROR;
				CLANG_WARN_QUOTED_INCLUDE_IN_FRAMEWORK_HEADER = YES;
				CLANG_WARN_RANGE_LOOP_ANALYSIS = YES;
				CLANG_WARN_STRICT_PROTOTYPES = YES;
				CLANG_WARN_SUSPICIOUS_MOVE = YES;
				CLANG_WARN_UNGUARDED_AVAILABILITY = YES_AGGRESSIVE;
				CLANG_WARN_UNREACHABLE_CODE = YES;
				CLANG_WARN__DUPLICATE_METHOD_MATCH = YES;
				COPY_PHASE_STRIP = NO;
				DEBUG_INFORMATION_FORMAT = dwarf;
				ENABLE_STRICT_OBJC_MSGSEND = YES;
				ENABLE_TESTABILITY = YES;
				GCC_C_LANGUAGE_STANDARD = gnu11;
				GCC_DYNAMIC_NO_PIC = NO;
				GCC_NO_COMMON_BLOCKS = YES;
				GCC_OPTIMIZATION_LEVEL = 0;
				GCC_PREPROCESSOR_DEFINITIONS = (
					"DEBUG=1",
					"$(inherited)",
				);
				GCC_WARN_64_TO_32_BIT_CONVERSION = YES;
				GCC_WARN_ABOUT_RETURN_TYPE = YES_ERROR;
				GCC_WARN_UNDECLARED_SELECTOR = YES;
				GCC_WARN_UNINITIALIZED_AUTOS = YES_AGGRESSIVE;
				GCC_WARN_UNUSED_FUNCTION = YES;
				GCC_WARN_UNUSED_VARIABLE = YES;
				IPHONEOS_DEPLOYMENT_TARGET = 16.0;
				MTL_ENABLE_DEBUG_INFO = INCLUDE_SOURCE;
				MTL_FAST_MATH = YES;
				ONLY_ACTIVE_ARCH = YES;
				SDKROOT = iphoneos;
				SWIFT_ACTIVE_COMPILATION_CONDITIONS = DEBUG;
				SWIFT_OPTIMIZATION_LEVEL = "-Onone";
			};
			name = Debug;
		};
		672871F028F15964009342DA /* Release */ = {
			isa = XCBuildConfiguration;
			buildSettings = {
				ALWAYS_SEARCH_USER_PATHS = NO;
				CLANG_ANALYZER_NONNULL = YES;
				CLANG_ANALYZER_NUMBER_OBJECT_CONVERSION = YES_AGGRESSIVE;
				CLANG_CXX_LANGUAGE_STANDARD = "gnu++20";
				CLANG_ENABLE_MODULES = YES;
				CLANG_ENABLE_OBJC_ARC = YES;
				CLANG_ENABLE_OBJC_WEAK = YES;
				CLANG_WARN_BLOCK_CAPTURE_AUTORELEASING = YES;
				CLANG_WARN_BOOL_CONVERSION = YES;
				CLANG_WARN_COMMA = YES;
				CLANG_WARN_CONSTANT_CONVERSION = YES;
				CLANG_WARN_DEPRECATED_OBJC_IMPLEMENTATIONS = YES;
				CLANG_WARN_DIRECT_OBJC_ISA_USAGE = YES_ERROR;
				CLANG_WARN_DOCUMENTATION_COMMENTS = YES;
				CLANG_WARN_EMPTY_BODY = YES;
				CLANG_WARN_ENUM_CONVERSION = YES;
				CLANG_WARN_INFINITE_RECURSION = YES;
				CLANG_WARN_INT_CONVERSION = YES;
				CLANG_WARN_NON_LITERAL_NULL_CONVERSION = YES;
				CLANG_WARN_OBJC_IMPLICIT_RETAIN_SELF = YES;
				CLANG_WARN_OBJC_LITERAL_CONVERSION = YES;
				CLANG_WARN_OBJC_ROOT_CLASS = YES_ERROR;
				CLANG_WARN_QUOTED_INCLUDE_IN_FRAMEWORK_HEADER = YES;
				CLANG_WARN_RANGE_LOOP_ANALYSIS = YES;
				CLANG_WARN_STRICT_PROTOTYPES = YES;
				CLANG_WARN_SUSPICIOUS_MOVE = YES;
				CLANG_WARN_UNGUARDED_AVAILABILITY = YES_AGGRESSIVE;
				CLANG_WARN_UNREACHABLE_CODE = YES;
				CLANG_WARN__DUPLICATE_METHOD_MATCH = YES;
				COPY_PHASE_STRIP = NO;
				DEBUG_INFORMATION_FORMAT = "dwarf-with-dsym";
				ENABLE_NS_ASSERTIONS = NO;
				ENABLE_STRICT_OBJC_MSGSEND = YES;
				GCC_C_LANGUAGE_STANDARD = gnu11;
				GCC_NO_COMMON_BLOCKS = YES;
				GCC_WARN_64_TO_32_BIT_CONVERSION = YES;
				GCC_WARN_ABOUT_RETURN_TYPE = YES_ERROR;
				GCC_WARN_UNDECLARED_SELECTOR = YES;
				GCC_WARN_UNINITIALIZED_AUTOS = YES_AGGRESSIVE;
				GCC_WARN_UNUSED_FUNCTION = YES;
				GCC_WARN_UNUSED_VARIABLE = YES;
				IPHONEOS_DEPLOYMENT_TARGET = 16.0;
				MTL_ENABLE_DEBUG_INFO = NO;
				MTL_FAST_MATH = YES;
				SDKROOT = iphoneos;
				SWIFT_COMPILATION_MODE = wholemodule;
				SWIFT_OPTIMIZATION_LEVEL = "-O";
				VALIDATE_PRODUCT = YES;
			};
			name = Release;
		};
		672871F228F15964009342DA /* Debug */ = {
			isa = XCBuildConfiguration;
			buildSettings = {
				ASSETCATALOG_COMPILER_APPICON_NAME = AppIcon;
				ASSETCATALOG_COMPILER_GLOBAL_ACCENT_COLOR_NAME = AccentColor;
				CODE_SIGN_STYLE = Automatic;
				CURRENT_PROJECT_VERSION = 1;
				DEVELOPMENT_ASSET_PATHS = "\"Animdo/Preview Content\"";
				DEVELOPMENT_TEAM = 7T5G873XW3;
				ENABLE_PREVIEWS = YES;
				GENERATE_INFOPLIST_FILE = YES;
				INFOPLIST_FILE = Animdo/Info.plist;
				INFOPLIST_KEY_UIApplicationSceneManifest_Generation = YES;
				INFOPLIST_KEY_UIApplicationSupportsIndirectInputEvents = YES;
				INFOPLIST_KEY_UILaunchScreen_Generation = YES;
				INFOPLIST_KEY_UISupportedInterfaceOrientations_iPad = "UIInterfaceOrientationPortrait UIInterfaceOrientationPortraitUpsideDown UIInterfaceOrientationLandscapeLeft UIInterfaceOrientationLandscapeRight";
				INFOPLIST_KEY_UISupportedInterfaceOrientations_iPhone = "UIInterfaceOrientationPortrait UIInterfaceOrientationLandscapeLeft UIInterfaceOrientationLandscapeRight";
				LD_RUNPATH_SEARCH_PATHS = (
					"$(inherited)",
					"@executable_path/Frameworks",
				);
				MARKETING_VERSION = 1.0;
				OTHER_LDFLAGS = "-ObjC";
				PRODUCT_BUNDLE_IDENTIFIER = com.openwindow.Animdo;
				PRODUCT_NAME = "$(TARGET_NAME)";
				SWIFT_EMIT_LOC_STRINGS = YES;
				SWIFT_VERSION = 5.0;
				TARGETED_DEVICE_FAMILY = "1,2";
			};
			name = Debug;
		};
		672871F328F15964009342DA /* Release */ = {
			isa = XCBuildConfiguration;
			buildSettings = {
				ASSETCATALOG_COMPILER_APPICON_NAME = AppIcon;
				ASSETCATALOG_COMPILER_GLOBAL_ACCENT_COLOR_NAME = AccentColor;
				CODE_SIGN_STYLE = Automatic;
				CURRENT_PROJECT_VERSION = 1;
				DEVELOPMENT_ASSET_PATHS = "\"Animdo/Preview Content\"";
				DEVELOPMENT_TEAM = 7T5G873XW3;
				ENABLE_PREVIEWS = YES;
				GENERATE_INFOPLIST_FILE = YES;
				INFOPLIST_FILE = Animdo/Info.plist;
				INFOPLIST_KEY_UIApplicationSceneManifest_Generation = YES;
				INFOPLIST_KEY_UIApplicationSupportsIndirectInputEvents = YES;
				INFOPLIST_KEY_UILaunchScreen_Generation = YES;
				INFOPLIST_KEY_UISupportedInterfaceOrientations_iPad = "UIInterfaceOrientationPortrait UIInterfaceOrientationPortraitUpsideDown UIInterfaceOrientationLandscapeLeft UIInterfaceOrientationLandscapeRight";
				INFOPLIST_KEY_UISupportedInterfaceOrientations_iPhone = "UIInterfaceOrientationPortrait UIInterfaceOrientationLandscapeLeft UIInterfaceOrientationLandscapeRight";
				LD_RUNPATH_SEARCH_PATHS = (
					"$(inherited)",
					"@executable_path/Frameworks",
				);
				MARKETING_VERSION = 1.0;
				OTHER_LDFLAGS = "-ObjC";
				PRODUCT_BUNDLE_IDENTIFIER = com.openwindow.Animdo;
				PRODUCT_NAME = "$(TARGET_NAME)";
				SWIFT_EMIT_LOC_STRINGS = YES;
				SWIFT_VERSION = 5.0;
				TARGETED_DEVICE_FAMILY = "1,2";
			};
			name = Release;
		};
/* End XCBuildConfiguration section */

/* Begin XCConfigurationList section */
		672871DE28F15963009342DA /* Build configuration list for PBXProject "Animdo" */ = {
			isa = XCConfigurationList;
			buildConfigurations = (
				672871EF28F15964009342DA /* Debug */,
				672871F028F15964009342DA /* Release */,
			);
			defaultConfigurationIsVisible = 0;
			defaultConfigurationName = Release;
		};
		672871F128F15964009342DA /* Build configuration list for PBXNativeTarget "Animdo" */ = {
			isa = XCConfigurationList;
			buildConfigurations = (
				672871F228F15964009342DA /* Debug */,
				672871F328F15964009342DA /* Release */,
			);
			defaultConfigurationIsVisible = 0;
			defaultConfigurationName = Release;
		};
/* End XCConfigurationList section */
	};
	rootObject = 672871DB28F15963009342DA /* Project object */;
}
