// !$*UTF8*$!
{
	archiveVersion = 1;
	classes = {
	};
	objectVersion = 56;
	objects = {

/* Begin PBXBuildFile section */
		670E839B28F890A500054E02 /* ForgotPasswordScreenView.swift in Sources */ = {isa = PBXBuildFile; fileRef = 670E839A28F890A500054E02 /* ForgotPasswordScreenView.swift */; };
		67215E4328FC127800490C66 /* HomeScreenView.swift in Sources */ = {isa = PBXBuildFile; fileRef = 67215E4228FC127800490C66 /* HomeScreenView.swift */; };
		67215E4528FC12C400490C66 /* AdoptionScreenView.swift in Sources */ = {isa = PBXBuildFile; fileRef = 67215E4428FC12C400490C66 /* AdoptionScreenView.swift */; };
		67215E4728FC12F300490C66 /* MyAnimalsScreenView.swift in Sources */ = {isa = PBXBuildFile; fileRef = 67215E4628FC12F300490C66 /* MyAnimalsScreenView.swift */; };
		67215E4928FC131400490C66 /* TagScreenView.swift in Sources */ = {isa = PBXBuildFile; fileRef = 67215E4828FC131400490C66 /* TagScreenView.swift */; };
		6721E1E928FA9ACF00D79AEC /* LogRegViewModel.swift in Sources */ = {isa = PBXBuildFile; fileRef = 6721E1E828FA9ACF00D79AEC /* LogRegViewModel.swift */; };
		6723DB8D28FC222E00A07A86 /* LogRegInputs.swift in Sources */ = {isa = PBXBuildFile; fileRef = 6723DB8C28FC222E00A07A86 /* LogRegInputs.swift */; };
		6726600128F1C5A8003A4E56 /* DashboardScreenView.swift in Sources */ = {isa = PBXBuildFile; fileRef = 6726600028F1C5A8003A4E56 /* DashboardScreenView.swift */; };
		6726600328F2BCB9003A4E56 /* OnboardingRegisterScreenView.swift in Sources */ = {isa = PBXBuildFile; fileRef = 6726600228F2BCB9003A4E56 /* OnboardingRegisterScreenView.swift */; };
		6726600528F2BCF4003A4E56 /* OnRegister.swift in Sources */ = {isa = PBXBuildFile; fileRef = 6726600428F2BCF4003A4E56 /* OnRegister.swift */; };
		6726600728F2C19F003A4E56 /* OffsetPageTabView.swift in Sources */ = {isa = PBXBuildFile; fileRef = 6726600628F2C19F003A4E56 /* OffsetPageTabView.swift */; };
		672871E728F15963009342DA /* AnimdoApp.swift in Sources */ = {isa = PBXBuildFile; fileRef = 672871E628F15963009342DA /* AnimdoApp.swift */; };
		672871E928F15963009342DA /* ContentView.swift in Sources */ = {isa = PBXBuildFile; fileRef = 672871E828F15963009342DA /* ContentView.swift */; };
		672871EB28F15964009342DA /* Assets.xcassets in Resources */ = {isa = PBXBuildFile; fileRef = 672871EA28F15964009342DA /* Assets.xcassets */; };
		672871EE28F15964009342DA /* Preview Assets.xcassets in Resources */ = {isa = PBXBuildFile; fileRef = 672871ED28F15964009342DA /* Preview Assets.xcassets */; };
		673011DB290FBD020074C1FE /* AdoptionCard.swift in Sources */ = {isa = PBXBuildFile; fileRef = 673011DA290FBD020074C1FE /* AdoptionCard.swift */; };
		673011DD290FC1670074C1FE /* FilterBtnMyAnimals.swift in Sources */ = {isa = PBXBuildFile; fileRef = 673011DC290FC1670074C1FE /* FilterBtnMyAnimals.swift */; };
		673011DF290FF79D0074C1FE /* MyAnimalComp.swift in Sources */ = {isa = PBXBuildFile; fileRef = 673011DE290FF79D0074C1FE /* MyAnimalComp.swift */; };
		673011E1291015ED0074C1FE /* MyAnimalsDetailScreenView.swift in Sources */ = {isa = PBXBuildFile; fileRef = 673011E0291015EC0074C1FE /* MyAnimalsDetailScreenView.swift */; };
		673011E3291035110074C1FE /* MyAnimalsPurchaseFail.swift in Sources */ = {isa = PBXBuildFile; fileRef = 673011E2291035110074C1FE /* MyAnimalsPurchaseFail.swift */; };
		673011E629104B5E0074C1FE /* AlertX in Frameworks */ = {isa = PBXBuildFile; productRef = 673011E529104B5E0074C1FE /* AlertX */; };
		673011EA291105190074C1FE /* MyAnimalMapScreenView.swift in Sources */ = {isa = PBXBuildFile; fileRef = 673011E9291105190074C1FE /* MyAnimalMapScreenView.swift */; };
		673011EC291116A90074C1FE /* CustomPin.swift in Sources */ = {isa = PBXBuildFile; fileRef = 673011EB291116A90074C1FE /* CustomPin.swift */; };
		673011EE291130BA0074C1FE /* NameAnimalScreenView.swift in Sources */ = {isa = PBXBuildFile; fileRef = 673011ED291130BA0074C1FE /* NameAnimalScreenView.swift */; };
		673622B929114E8600CF6471 /* AdoptionDashScreenView.swift in Sources */ = {isa = PBXBuildFile; fileRef = 673622B829114E8600CF6471 /* AdoptionDashScreenView.swift */; };
		673AE97C28F15C26008D1D01 /* Roboto-Light.ttf in Resources */ = {isa = PBXBuildFile; fileRef = 673AE97928F15BCE008D1D01 /* Roboto-Light.ttf */; };
		673AE97D28F15C29008D1D01 /* Aladin-Regular.ttf in Resources */ = {isa = PBXBuildFile; fileRef = 673AE97828F15B98008D1D01 /* Aladin-Regular.ttf */; };
		673AE98328F15DFA008D1D01 /* JosefinSans-Bold.ttf in Resources */ = {isa = PBXBuildFile; fileRef = 673AE97F28F15DF3008D1D01 /* JosefinSans-Bold.ttf */; };
		673AE98428F15DFE008D1D01 /* JosefinSans-Light.ttf in Resources */ = {isa = PBXBuildFile; fileRef = 673AE98028F15DF4008D1D01 /* JosefinSans-Light.ttf */; };
		673AE98528F15E00008D1D01 /* JosefinSans-Regular.ttf in Resources */ = {isa = PBXBuildFile; fileRef = 673AE98128F15DF4008D1D01 /* JosefinSans-Regular.ttf */; };
		673AE98628F15E03008D1D01 /* JosefinSans-SemiBold.ttf in Resources */ = {isa = PBXBuildFile; fileRef = 673AE98228F15DF4008D1D01 /* JosefinSans-SemiBold.ttf */; };
		673AE98828F160DE008D1D01 /* SplashScreenView.swift in Sources */ = {isa = PBXBuildFile; fileRef = 673AE98728F160DE008D1D01 /* SplashScreenView.swift */; };
		673AE98A28F174D0008D1D01 /* Onboarding.swift in Sources */ = {isa = PBXBuildFile; fileRef = 673AE98928F174D0008D1D01 /* Onboarding.swift */; };
		673AE98C28F17596008D1D01 /* OnboardingScreenView.swift in Sources */ = {isa = PBXBuildFile; fileRef = 673AE98B28F17596008D1D01 /* OnboardingScreenView.swift */; };
		676F3BFF28F420B500EF9C4A /* LoginScreenView.swift in Sources */ = {isa = PBXBuildFile; fileRef = 676F3BFE28F420B500EF9C4A /* LoginScreenView.swift */; };
		676F3C0328F435FC00EF9C4A /* ImagePicker.swift in Sources */ = {isa = PBXBuildFile; fileRef = 676F3C0228F435FC00EF9C4A /* ImagePicker.swift */; };
		6772DAF4290C15960035A618 /* SpesificLocationManager.swift in Sources */ = {isa = PBXBuildFile; fileRef = 671070D02907258C00B78D7C /* SpesificLocationManager.swift */; };
		6772DB1D290FB2310035A618 /* FilterBtnAdoption.swift in Sources */ = {isa = PBXBuildFile; fileRef = 6772DB1C290FB2310035A618 /* FilterBtnAdoption.swift */; };
		6780CE5B290C0E8300DC7C02 /* FirebaseAnalytics in Frameworks */ = {isa = PBXBuildFile; productRef = 6780CE5A290C0E8300DC7C02 /* FirebaseAnalytics */; };
		6780CE5D290C0E8300DC7C02 /* FirebaseAppCheck in Frameworks */ = {isa = PBXBuildFile; productRef = 6780CE5C290C0E8300DC7C02 /* FirebaseAppCheck */; };
		6780CE5F290C0E8300DC7C02 /* FirebaseAuth in Frameworks */ = {isa = PBXBuildFile; productRef = 6780CE5E290C0E8300DC7C02 /* FirebaseAuth */; };
		6780CE61290C0E8300DC7C02 /* FirebaseCrashlytics in Frameworks */ = {isa = PBXBuildFile; productRef = 6780CE60290C0E8300DC7C02 /* FirebaseCrashlytics */; };
		6780CE63290C0E8300DC7C02 /* FirebaseDatabase in Frameworks */ = {isa = PBXBuildFile; productRef = 6780CE62290C0E8300DC7C02 /* FirebaseDatabase */; };
		6780CE65290C0E8300DC7C02 /* FirebaseFirestore in Frameworks */ = {isa = PBXBuildFile; productRef = 6780CE64290C0E8300DC7C02 /* FirebaseFirestore */; };
		6780CE67290C0E8300DC7C02 /* FirebaseStorage in Frameworks */ = {isa = PBXBuildFile; productRef = 6780CE66290C0E8300DC7C02 /* FirebaseStorage */; };
		6780CE6A290C0EA800DC7C02 /* GoogleSignIn in Frameworks */ = {isa = PBXBuildFile; productRef = 6780CE69290C0EA800DC7C02 /* GoogleSignIn */; };
		6780CE6C290C0EA800DC7C02 /* GoogleSignInSwift in Frameworks */ = {isa = PBXBuildFile; productRef = 6780CE6B290C0EA800DC7C02 /* GoogleSignInSwift */; };
		6780CE6F290C0EC900DC7C02 /* SDWebImageSwiftUI in Frameworks */ = {isa = PBXBuildFile; productRef = 6780CE6E290C0EC900DC7C02 /* SDWebImageSwiftUI */; };
		6780CE72290C0EE900DC7C02 /* SwiftKeychainWrapper in Frameworks */ = {isa = PBXBuildFile; productRef = 6780CE71290C0EE900DC7C02 /* SwiftKeychainWrapper */; };
		678A8548290AB0A800765DC7 /* StoreKit.framework in Frameworks */ = {isa = PBXBuildFile; fileRef = 678A8547290AB0A800765DC7 /* StoreKit.framework */; };
		678A854F290AC1EE00765DC7 /* Purchasable.swift in Sources */ = {isa = PBXBuildFile; fileRef = 678A854E290AC1EE00765DC7 /* Purchasable.swift */; };
		678A8551290AC2CF00765DC7 /* TokensViewModel.swift in Sources */ = {isa = PBXBuildFile; fileRef = 678A8550290AC2CF00765DC7 /* TokensViewModel.swift */; };
		678A8553290AC94C00765DC7 /* IAPStoreViewModel.swift in Sources */ = {isa = PBXBuildFile; fileRef = 678A8552290AC94C00765DC7 /* IAPStoreViewModel.swift */; };
		678A8555290AD4C400765DC7 /* PurchaseScreenView.swift in Sources */ = {isa = PBXBuildFile; fileRef = 678A8554290AD4C400765DC7 /* PurchaseScreenView.swift */; };
		678A8557290AD6AE00765DC7 /* TestScreenView.swift in Sources */ = {isa = PBXBuildFile; fileRef = 678A8556290AD6AE00765DC7 /* TestScreenView.swift */; };
		678A8559290B1FC300765DC7 /* PurchasefailScreenView.swift in Sources */ = {isa = PBXBuildFile; fileRef = 678A8558290B1FC300765DC7 /* PurchasefailScreenView.swift */; };
		6798C85D2907F19600FCD00E /* SettingsScreenView.swift in Sources */ = {isa = PBXBuildFile; fileRef = 6798C85C2907F19600FCD00E /* SettingsScreenView.swift */; };
		67B03EA02905673400FC3F0C /* User.swift in Sources */ = {isa = PBXBuildFile; fileRef = 67B03E9F2905673400FC3F0C /* User.swift */; };
		67B03EA2290569ED00FC3F0C /* UserViewModel.swift in Sources */ = {isa = PBXBuildFile; fileRef = 67B03EA1290569ED00FC3F0C /* UserViewModel.swift */; };
		67C872C42908199900C3A7E3 /* DashboardAnimals.swift in Sources */ = {isa = PBXBuildFile; fileRef = 67C872C32908199900C3A7E3 /* DashboardAnimals.swift */; };
		67C872C629082C2B00C3A7E3 /* DashboardDetailScreenView.swift in Sources */ = {isa = PBXBuildFile; fileRef = 67C872C529082C2B00C3A7E3 /* DashboardDetailScreenView.swift */; };
		67D6064A2906C435000BF4C6 /* TagAnimalViewModel.swift in Sources */ = {isa = PBXBuildFile; fileRef = 67D606492906C435000BF4C6 /* TagAnimalViewModel.swift */; };
		67D6064C2906FEC9000BF4C6 /* AllAnimals.swift in Sources */ = {isa = PBXBuildFile; fileRef = 67D6064B2906FEC9000BF4C6 /* AllAnimals.swift */; };
		67D6064E2907001D000BF4C6 /* AllAnimalsViewModel.swift in Sources */ = {isa = PBXBuildFile; fileRef = 67D6064D2907001D000BF4C6 /* AllAnimalsViewModel.swift */; };
		67DA552C29052699002C69FA /* PasswordInputs.swift in Sources */ = {isa = PBXBuildFile; fileRef = 67DA552B29052699002C69FA /* PasswordInputs.swift */; };
		67E630EB28FF1B7A00112778 /* LocationManager.swift in Sources */ = {isa = PBXBuildFile; fileRef = 67E630EA28FF1B7A00112778 /* LocationManager.swift */; };
		67E630F428FF32D100112778 /* GoogleService-Info.plist in Resources */ = {isa = PBXBuildFile; fileRef = 67E630F328FF32D100112778 /* GoogleService-Info.plist */; };
		67E630FC28FFF46300112778 /* AgeTagInput.swift in Sources */ = {isa = PBXBuildFile; fileRef = 67E630FB28FFF46300112778 /* AgeTagInput.swift */; };
		67E630FE28FFF47000112778 /* GenderTagInput.swift in Sources */ = {isa = PBXBuildFile; fileRef = 67E630FD28FFF46F00112778 /* GenderTagInput.swift */; };
		67EE39B528FD5DDF005CDDB5 /* UIImage+Extension.swift in Sources */ = {isa = PBXBuildFile; fileRef = 67EE39B428FD5DDF005CDDB5 /* UIImage+Extension.swift */; };
		67EE39BF28FDD9FD005CDDB5 /* CustomAnimdoClassifier.mlmodel in Sources */ = {isa = PBXBuildFile; fileRef = 67EE39BE28FDD9FD005CDDB5 /* CustomAnimdoClassifier.mlmodel */; };
		67EE39C128FDDB54005CDDB5 /* VisionClassifier.swift in Sources */ = {isa = PBXBuildFile; fileRef = 67EE39C028FDDB54005CDDB5 /* VisionClassifier.swift */; };
		67EE39C328FDF6CD005CDDB5 /* TextClassifier.swift in Sources */ = {isa = PBXBuildFile; fileRef = 67EE39C228FDF6CD005CDDB5 /* TextClassifier.swift */; };
/* End PBXBuildFile section */

/* Begin PBXFileReference section */
		670E839A28F890A500054E02 /* ForgotPasswordScreenView.swift */ = {isa = PBXFileReference; lastKnownFileType = sourcecode.swift; path = ForgotPasswordScreenView.swift; sourceTree = "<group>"; };
		671070D02907258C00B78D7C /* SpesificLocationManager.swift */ = {isa = PBXFileReference; lastKnownFileType = sourcecode.swift; path = SpesificLocationManager.swift; sourceTree = "<group>"; };
		67215E4228FC127800490C66 /* HomeScreenView.swift */ = {isa = PBXFileReference; lastKnownFileType = sourcecode.swift; path = HomeScreenView.swift; sourceTree = "<group>"; };
		67215E4428FC12C400490C66 /* AdoptionScreenView.swift */ = {isa = PBXFileReference; lastKnownFileType = sourcecode.swift; path = AdoptionScreenView.swift; sourceTree = "<group>"; };
		67215E4628FC12F300490C66 /* MyAnimalsScreenView.swift */ = {isa = PBXFileReference; lastKnownFileType = sourcecode.swift; path = MyAnimalsScreenView.swift; sourceTree = "<group>"; };
		67215E4828FC131400490C66 /* TagScreenView.swift */ = {isa = PBXFileReference; lastKnownFileType = sourcecode.swift; path = TagScreenView.swift; sourceTree = "<group>"; };
		6721E1E828FA9ACF00D79AEC /* LogRegViewModel.swift */ = {isa = PBXFileReference; lastKnownFileType = sourcecode.swift; path = LogRegViewModel.swift; sourceTree = "<group>"; };
		6723DB8C28FC222E00A07A86 /* LogRegInputs.swift */ = {isa = PBXFileReference; lastKnownFileType = sourcecode.swift; path = LogRegInputs.swift; sourceTree = "<group>"; };
		6726600028F1C5A8003A4E56 /* DashboardScreenView.swift */ = {isa = PBXFileReference; lastKnownFileType = sourcecode.swift; path = DashboardScreenView.swift; sourceTree = "<group>"; };
		6726600228F2BCB9003A4E56 /* OnboardingRegisterScreenView.swift */ = {isa = PBXFileReference; lastKnownFileType = sourcecode.swift; path = OnboardingRegisterScreenView.swift; sourceTree = "<group>"; };
		6726600428F2BCF4003A4E56 /* OnRegister.swift */ = {isa = PBXFileReference; lastKnownFileType = sourcecode.swift; path = OnRegister.swift; sourceTree = "<group>"; };
		6726600628F2C19F003A4E56 /* OffsetPageTabView.swift */ = {isa = PBXFileReference; lastKnownFileType = sourcecode.swift; path = OffsetPageTabView.swift; sourceTree = "<group>"; };
		672871E328F15963009342DA /* Animdo.app */ = {isa = PBXFileReference; explicitFileType = wrapper.application; includeInIndex = 0; path = Animdo.app; sourceTree = BUILT_PRODUCTS_DIR; };
		672871E628F15963009342DA /* AnimdoApp.swift */ = {isa = PBXFileReference; lastKnownFileType = sourcecode.swift; path = AnimdoApp.swift; sourceTree = "<group>"; };
		672871E828F15963009342DA /* ContentView.swift */ = {isa = PBXFileReference; lastKnownFileType = sourcecode.swift; path = ContentView.swift; sourceTree = "<group>"; };
		672871EA28F15964009342DA /* Assets.xcassets */ = {isa = PBXFileReference; lastKnownFileType = folder.assetcatalog; path = Assets.xcassets; sourceTree = "<group>"; };
		672871ED28F15964009342DA /* Preview Assets.xcassets */ = {isa = PBXFileReference; lastKnownFileType = folder.assetcatalog; path = "Preview Assets.xcassets"; sourceTree = "<group>"; };
		673011DA290FBD020074C1FE /* AdoptionCard.swift */ = {isa = PBXFileReference; lastKnownFileType = sourcecode.swift; path = AdoptionCard.swift; sourceTree = "<group>"; };
		673011DC290FC1670074C1FE /* FilterBtnMyAnimals.swift */ = {isa = PBXFileReference; lastKnownFileType = sourcecode.swift; path = FilterBtnMyAnimals.swift; sourceTree = "<group>"; };
		673011DE290FF79D0074C1FE /* MyAnimalComp.swift */ = {isa = PBXFileReference; lastKnownFileType = sourcecode.swift; path = MyAnimalComp.swift; sourceTree = "<group>"; };
		673011E0291015EC0074C1FE /* MyAnimalsDetailScreenView.swift */ = {isa = PBXFileReference; lastKnownFileType = sourcecode.swift; path = MyAnimalsDetailScreenView.swift; sourceTree = "<group>"; };
		673011E2291035110074C1FE /* MyAnimalsPurchaseFail.swift */ = {isa = PBXFileReference; lastKnownFileType = sourcecode.swift; path = MyAnimalsPurchaseFail.swift; sourceTree = "<group>"; };
		673011E9291105190074C1FE /* MyAnimalMapScreenView.swift */ = {isa = PBXFileReference; lastKnownFileType = sourcecode.swift; path = MyAnimalMapScreenView.swift; sourceTree = "<group>"; };
		673011EB291116A90074C1FE /* CustomPin.swift */ = {isa = PBXFileReference; lastKnownFileType = sourcecode.swift; path = CustomPin.swift; sourceTree = "<group>"; };
		673011ED291130BA0074C1FE /* NameAnimalScreenView.swift */ = {isa = PBXFileReference; lastKnownFileType = sourcecode.swift; path = NameAnimalScreenView.swift; sourceTree = "<group>"; };
		673622B829114E8600CF6471 /* AdoptionDashScreenView.swift */ = {isa = PBXFileReference; lastKnownFileType = sourcecode.swift; path = AdoptionDashScreenView.swift; sourceTree = "<group>"; };
		673AE97828F15B98008D1D01 /* Aladin-Regular.ttf */ = {isa = PBXFileReference; lastKnownFileType = file; path = "Aladin-Regular.ttf"; sourceTree = "<group>"; };
		673AE97928F15BCE008D1D01 /* Roboto-Light.ttf */ = {isa = PBXFileReference; lastKnownFileType = file; path = "Roboto-Light.ttf"; sourceTree = "<group>"; };
		673AE97E28F15CA5008D1D01 /* Info.plist */ = {isa = PBXFileReference; lastKnownFileType = text.plist.xml; path = Info.plist; sourceTree = "<group>"; };
		673AE97F28F15DF3008D1D01 /* JosefinSans-Bold.ttf */ = {isa = PBXFileReference; lastKnownFileType = file; path = "JosefinSans-Bold.ttf"; sourceTree = "<group>"; };
		673AE98028F15DF4008D1D01 /* JosefinSans-Light.ttf */ = {isa = PBXFileReference; lastKnownFileType = file; path = "JosefinSans-Light.ttf"; sourceTree = "<group>"; };
		673AE98128F15DF4008D1D01 /* JosefinSans-Regular.ttf */ = {isa = PBXFileReference; lastKnownFileType = file; path = "JosefinSans-Regular.ttf"; sourceTree = "<group>"; };
		673AE98228F15DF4008D1D01 /* JosefinSans-SemiBold.ttf */ = {isa = PBXFileReference; lastKnownFileType = file; path = "JosefinSans-SemiBold.ttf"; sourceTree = "<group>"; };
		673AE98728F160DE008D1D01 /* SplashScreenView.swift */ = {isa = PBXFileReference; lastKnownFileType = sourcecode.swift; path = SplashScreenView.swift; sourceTree = "<group>"; };
		673AE98928F174D0008D1D01 /* Onboarding.swift */ = {isa = PBXFileReference; lastKnownFileType = sourcecode.swift; path = Onboarding.swift; sourceTree = "<group>"; };
		673AE98B28F17596008D1D01 /* OnboardingScreenView.swift */ = {isa = PBXFileReference; lastKnownFileType = sourcecode.swift; path = OnboardingScreenView.swift; sourceTree = "<group>"; };
		67465DBF2902F666007C29EA /* Animdo.entitlements */ = {isa = PBXFileReference; lastKnownFileType = text.plist.entitlements; path = Animdo.entitlements; sourceTree = "<group>"; };
		676F3BFE28F420B500EF9C4A /* LoginScreenView.swift */ = {isa = PBXFileReference; lastKnownFileType = sourcecode.swift; path = LoginScreenView.swift; sourceTree = "<group>"; };
		676F3C0228F435FC00EF9C4A /* ImagePicker.swift */ = {isa = PBXFileReference; lastKnownFileType = sourcecode.swift; path = ImagePicker.swift; sourceTree = "<group>"; };
		6772DB1C290FB2310035A618 /* FilterBtnAdoption.swift */ = {isa = PBXFileReference; lastKnownFileType = sourcecode.swift; path = FilterBtnAdoption.swift; sourceTree = "<group>"; };
		678A8547290AB0A800765DC7 /* StoreKit.framework */ = {isa = PBXFileReference; lastKnownFileType = wrapper.framework; name = StoreKit.framework; path = System/Library/Frameworks/StoreKit.framework; sourceTree = SDKROOT; };
		678A854E290AC1EE00765DC7 /* Purchasable.swift */ = {isa = PBXFileReference; lastKnownFileType = sourcecode.swift; path = Purchasable.swift; sourceTree = "<group>"; };
		678A8550290AC2CF00765DC7 /* TokensViewModel.swift */ = {isa = PBXFileReference; lastKnownFileType = sourcecode.swift; path = TokensViewModel.swift; sourceTree = "<group>"; };
		678A8552290AC94C00765DC7 /* IAPStoreViewModel.swift */ = {isa = PBXFileReference; lastKnownFileType = sourcecode.swift; path = IAPStoreViewModel.swift; sourceTree = "<group>"; };
		678A8554290AD4C400765DC7 /* PurchaseScreenView.swift */ = {isa = PBXFileReference; lastKnownFileType = sourcecode.swift; path = PurchaseScreenView.swift; sourceTree = "<group>"; };
		678A8556290AD6AE00765DC7 /* TestScreenView.swift */ = {isa = PBXFileReference; lastKnownFileType = sourcecode.swift; path = TestScreenView.swift; sourceTree = "<group>"; };
		678A8558290B1FC300765DC7 /* PurchasefailScreenView.swift */ = {isa = PBXFileReference; lastKnownFileType = sourcecode.swift; path = PurchasefailScreenView.swift; sourceTree = "<group>"; };
		6798C85C2907F19600FCD00E /* SettingsScreenView.swift */ = {isa = PBXFileReference; lastKnownFileType = sourcecode.swift; path = SettingsScreenView.swift; sourceTree = "<group>"; };
		67B03E9F2905673400FC3F0C /* User.swift */ = {isa = PBXFileReference; lastKnownFileType = sourcecode.swift; path = User.swift; sourceTree = "<group>"; };
		67B03EA1290569ED00FC3F0C /* UserViewModel.swift */ = {isa = PBXFileReference; lastKnownFileType = sourcecode.swift; path = UserViewModel.swift; sourceTree = "<group>"; };
		67C872C32908199900C3A7E3 /* DashboardAnimals.swift */ = {isa = PBXFileReference; lastKnownFileType = sourcecode.swift; path = DashboardAnimals.swift; sourceTree = "<group>"; };
		67C872C529082C2B00C3A7E3 /* DashboardDetailScreenView.swift */ = {isa = PBXFileReference; lastKnownFileType = sourcecode.swift; path = DashboardDetailScreenView.swift; sourceTree = "<group>"; };
		67C872C929086BB800C3A7E3 /* ConfigurationStoreKit.storekit */ = {isa = PBXFileReference; lastKnownFileType = text; path = ConfigurationStoreKit.storekit; sourceTree = "<group>"; };
		67D606492906C435000BF4C6 /* TagAnimalViewModel.swift */ = {isa = PBXFileReference; lastKnownFileType = sourcecode.swift; path = TagAnimalViewModel.swift; sourceTree = "<group>"; };
		67D6064B2906FEC9000BF4C6 /* AllAnimals.swift */ = {isa = PBXFileReference; lastKnownFileType = sourcecode.swift; path = AllAnimals.swift; sourceTree = "<group>"; };
		67D6064D2907001D000BF4C6 /* AllAnimalsViewModel.swift */ = {isa = PBXFileReference; lastKnownFileType = sourcecode.swift; path = AllAnimalsViewModel.swift; sourceTree = "<group>"; };
		67DA552B29052699002C69FA /* PasswordInputs.swift */ = {isa = PBXFileReference; lastKnownFileType = sourcecode.swift; path = PasswordInputs.swift; sourceTree = "<group>"; };
		67E630EA28FF1B7A00112778 /* LocationManager.swift */ = {isa = PBXFileReference; lastKnownFileType = sourcecode.swift; path = LocationManager.swift; sourceTree = "<group>"; };
		67E630F328FF32D100112778 /* GoogleService-Info.plist */ = {isa = PBXFileReference; fileEncoding = 4; lastKnownFileType = text.plist.xml; path = "GoogleService-Info.plist"; sourceTree = "<group>"; };
		67E630FB28FFF46300112778 /* AgeTagInput.swift */ = {isa = PBXFileReference; lastKnownFileType = sourcecode.swift; path = AgeTagInput.swift; sourceTree = "<group>"; };
		67E630FD28FFF46F00112778 /* GenderTagInput.swift */ = {isa = PBXFileReference; lastKnownFileType = sourcecode.swift; path = GenderTagInput.swift; sourceTree = "<group>"; };
		67EE39B428FD5DDF005CDDB5 /* UIImage+Extension.swift */ = {isa = PBXFileReference; lastKnownFileType = sourcecode.swift; path = "UIImage+Extension.swift"; sourceTree = "<group>"; };
		67EE39BE28FDD9FD005CDDB5 /* CustomAnimdoClassifier.mlmodel */ = {isa = PBXFileReference; lastKnownFileType = file.mlmodel; path = CustomAnimdoClassifier.mlmodel; sourceTree = "<group>"; };
		67EE39C028FDDB54005CDDB5 /* VisionClassifier.swift */ = {isa = PBXFileReference; lastKnownFileType = sourcecode.swift; path = VisionClassifier.swift; sourceTree = "<group>"; };
		67EE39C228FDF6CD005CDDB5 /* TextClassifier.swift */ = {isa = PBXFileReference; lastKnownFileType = sourcecode.swift; path = TextClassifier.swift; sourceTree = "<group>"; };
/* End PBXFileReference section */

/* Begin PBXFrameworksBuildPhase section */
		672871E028F15963009342DA /* Frameworks */ = {
			isa = PBXFrameworksBuildPhase;
			buildActionMask = 2147483647;
			files = (
				673011E629104B5E0074C1FE /* AlertX in Frameworks */,
				6780CE63290C0E8300DC7C02 /* FirebaseDatabase in Frameworks */,
				6780CE5B290C0E8300DC7C02 /* FirebaseAnalytics in Frameworks */,
				6780CE72290C0EE900DC7C02 /* SwiftKeychainWrapper in Frameworks */,
				6780CE5D290C0E8300DC7C02 /* FirebaseAppCheck in Frameworks */,
				6780CE61290C0E8300DC7C02 /* FirebaseCrashlytics in Frameworks */,
				678A8548290AB0A800765DC7 /* StoreKit.framework in Frameworks */,
				6780CE6C290C0EA800DC7C02 /* GoogleSignInSwift in Frameworks */,
				6780CE67290C0E8300DC7C02 /* FirebaseStorage in Frameworks */,
				6780CE5F290C0E8300DC7C02 /* FirebaseAuth in Frameworks */,
				6780CE6F290C0EC900DC7C02 /* SDWebImageSwiftUI in Frameworks */,
				6780CE65290C0E8300DC7C02 /* FirebaseFirestore in Frameworks */,
				6780CE6A290C0EA800DC7C02 /* GoogleSignIn in Frameworks */,
			);
			runOnlyForDeploymentPostprocessing = 0;
		};
/* End PBXFrameworksBuildPhase section */

/* Begin PBXGroup section */
		6721E1EA28FA9AD300D79AEC /* ViewModel */ = {
			isa = PBXGroup;
			children = (
				678A8550290AC2CF00765DC7 /* TokensViewModel.swift */,
				6721E1E828FA9ACF00D79AEC /* LogRegViewModel.swift */,
				678A8552290AC94C00765DC7 /* IAPStoreViewModel.swift */,
				67B03EA1290569ED00FC3F0C /* UserViewModel.swift */,
				67D606492906C435000BF4C6 /* TagAnimalViewModel.swift */,
				67D6064D2907001D000BF4C6 /* AllAnimalsViewModel.swift */,
			);
			path = ViewModel;
			sourceTree = "<group>";
		};
		6721E1EE28FBD7F400D79AEC /* Services */ = {
			isa = PBXGroup;
			children = (
				67EE39C028FDDB54005CDDB5 /* VisionClassifier.swift */,
				67EE39B428FD5DDF005CDDB5 /* UIImage+Extension.swift */,
				67E630F328FF32D100112778 /* GoogleService-Info.plist */,
				67EE39C228FDF6CD005CDDB5 /* TextClassifier.swift */,
				67E630EA28FF1B7A00112778 /* LocationManager.swift */,
				671070D02907258C00B78D7C /* SpesificLocationManager.swift */,
			);
			path = Services;
			sourceTree = "<group>";
		};
		6723DB8928FC203C00A07A86 /* Components */ = {
			isa = PBXGroup;
			children = (
				6723DB8C28FC222E00A07A86 /* LogRegInputs.swift */,
				67E630FB28FFF46300112778 /* AgeTagInput.swift */,
				67E630FD28FFF46F00112778 /* GenderTagInput.swift */,
				67DA552B29052699002C69FA /* PasswordInputs.swift */,
				6772DB1C290FB2310035A618 /* FilterBtnAdoption.swift */,
				673011DA290FBD020074C1FE /* AdoptionCard.swift */,
				673011DC290FC1670074C1FE /* FilterBtnMyAnimals.swift */,
				673011DE290FF79D0074C1FE /* MyAnimalComp.swift */,
				673011EB291116A90074C1FE /* CustomPin.swift */,
			);
			path = Components;
			sourceTree = "<group>";
		};
		672871DA28F15963009342DA = {
			isa = PBXGroup;
			children = (
				672871E528F15963009342DA /* Animdo */,
				672871E428F15963009342DA /* Products */,
				678A8546290AB0A800765DC7 /* Frameworks */,
			);
			sourceTree = "<group>";
		};
		672871E428F15963009342DA /* Products */ = {
			isa = PBXGroup;
			children = (
				672871E328F15963009342DA /* Animdo.app */,
			);
			name = Products;
			sourceTree = "<group>";
		};
		672871E528F15963009342DA /* Animdo */ = {
			isa = PBXGroup;
			children = (
				67465DBF2902F666007C29EA /* Animdo.entitlements */,
				6723DB8928FC203C00A07A86 /* Components */,
				673AE97E28F15CA5008D1D01 /* Info.plist */,
				6721E1EE28FBD7F400D79AEC /* Services */,
				6721E1EA28FA9AD300D79AEC /* ViewModel */,
				673AE97728F15ADF008D1D01 /* Fonts */,
				673AE97628F15AD6008D1D01 /* Views */,
				673AE97528F15ACF008D1D01 /* Models */,
				673AE97328F15AB7008D1D01 /* Screens */,
				672871E628F15963009342DA /* AnimdoApp.swift */,
				672871E828F15963009342DA /* ContentView.swift */,
				67C872C929086BB800C3A7E3 /* ConfigurationStoreKit.storekit */,
				672871EA28F15964009342DA /* Assets.xcassets */,
				672871EC28F15964009342DA /* Preview Content */,
			);
			path = Animdo;
			sourceTree = "<group>";
		};
		672871EC28F15964009342DA /* Preview Content */ = {
			isa = PBXGroup;
			children = (
				672871ED28F15964009342DA /* Preview Assets.xcassets */,
			);
			path = "Preview Content";
			sourceTree = "<group>";
		};
		673AE97328F15AB7008D1D01 /* Screens */ = {
			isa = PBXGroup;
			children = (
				6726600228F2BCB9003A4E56 /* OnboardingRegisterScreenView.swift */,
				673AE98B28F17596008D1D01 /* OnboardingScreenView.swift */,
				673AE98728F160DE008D1D01 /* SplashScreenView.swift */,
				6726600028F1C5A8003A4E56 /* DashboardScreenView.swift */,
				676F3BFE28F420B500EF9C4A /* LoginScreenView.swift */,
				670E839A28F890A500054E02 /* ForgotPasswordScreenView.swift */,
				67215E4228FC127800490C66 /* HomeScreenView.swift */,
				67215E4428FC12C400490C66 /* AdoptionScreenView.swift */,
				67215E4628FC12F300490C66 /* MyAnimalsScreenView.swift */,
				67215E4828FC131400490C66 /* TagScreenView.swift */,
				6798C85C2907F19600FCD00E /* SettingsScreenView.swift */,
				67C872C529082C2B00C3A7E3 /* DashboardDetailScreenView.swift */,
				678A8554290AD4C400765DC7 /* PurchaseScreenView.swift */,
				678A8556290AD6AE00765DC7 /* TestScreenView.swift */,
				678A8558290B1FC300765DC7 /* PurchasefailScreenView.swift */,
				673011E0291015EC0074C1FE /* MyAnimalsDetailScreenView.swift */,
				673011E2291035110074C1FE /* MyAnimalsPurchaseFail.swift */,
				673011E9291105190074C1FE /* MyAnimalMapScreenView.swift */,
				673011ED291130BA0074C1FE /* NameAnimalScreenView.swift */,
				673622B829114E8600CF6471 /* AdoptionDashScreenView.swift */,
			);
			path = Screens;
			sourceTree = "<group>";
		};
		673AE97528F15ACF008D1D01 /* Models */ = {
			isa = PBXGroup;
			children = (
				67EE39BE28FDD9FD005CDDB5 /* CustomAnimdoClassifier.mlmodel */,
				673AE98928F174D0008D1D01 /* Onboarding.swift */,
				6726600428F2BCF4003A4E56 /* OnRegister.swift */,
				67B03E9F2905673400FC3F0C /* User.swift */,
				67D6064B2906FEC9000BF4C6 /* AllAnimals.swift */,
				67C872C32908199900C3A7E3 /* DashboardAnimals.swift */,
				678A854E290AC1EE00765DC7 /* Purchasable.swift */,
			);
			path = Models;
			sourceTree = "<group>";
		};
		673AE97628F15AD6008D1D01 /* Views */ = {
			isa = PBXGroup;
			children = (
				6726600628F2C19F003A4E56 /* OffsetPageTabView.swift */,
				676F3C0228F435FC00EF9C4A /* ImagePicker.swift */,
			);
			path = Views;
			sourceTree = "<group>";
		};
		673AE97728F15ADF008D1D01 /* Fonts */ = {
			isa = PBXGroup;
			children = (
				673AE97F28F15DF3008D1D01 /* JosefinSans-Bold.ttf */,
				673AE98028F15DF4008D1D01 /* JosefinSans-Light.ttf */,
				673AE98128F15DF4008D1D01 /* JosefinSans-Regular.ttf */,
				673AE98228F15DF4008D1D01 /* JosefinSans-SemiBold.ttf */,
				673AE97928F15BCE008D1D01 /* Roboto-Light.ttf */,
				673AE97828F15B98008D1D01 /* Aladin-Regular.ttf */,
			);
			path = Fonts;
			sourceTree = "<group>";
		};
		678A8546290AB0A800765DC7 /* Frameworks */ = {
			isa = PBXGroup;
			children = (
				678A8547290AB0A800765DC7 /* StoreKit.framework */,
			);
			name = Frameworks;
			sourceTree = "<group>";
		};
/* End PBXGroup section */

/* Begin PBXNativeTarget section */
		672871E228F15963009342DA /* Animdo */ = {
			isa = PBXNativeTarget;
			buildConfigurationList = 672871F128F15964009342DA /* Build configuration list for PBXNativeTarget "Animdo" */;
			buildPhases = (
				672871DF28F15963009342DA /* Sources */,
				672871E028F15963009342DA /* Frameworks */,
				672871E128F15963009342DA /* Resources */,
				670E83AD28F8930F00054E02 /* Crashlytics Run Script */,
			);
			buildRules = (
			);
			dependencies = (
			);
			name = Animdo;
			packageProductDependencies = (
				6780CE5A290C0E8300DC7C02 /* FirebaseAnalytics */,
				6780CE5C290C0E8300DC7C02 /* FirebaseAppCheck */,
				6780CE5E290C0E8300DC7C02 /* FirebaseAuth */,
				6780CE60290C0E8300DC7C02 /* FirebaseCrashlytics */,
				6780CE62290C0E8300DC7C02 /* FirebaseDatabase */,
				6780CE64290C0E8300DC7C02 /* FirebaseFirestore */,
				6780CE66290C0E8300DC7C02 /* FirebaseStorage */,
				6780CE69290C0EA800DC7C02 /* GoogleSignIn */,
				6780CE6B290C0EA800DC7C02 /* GoogleSignInSwift */,
				6780CE6E290C0EC900DC7C02 /* SDWebImageSwiftUI */,
				6780CE71290C0EE900DC7C02 /* SwiftKeychainWrapper */,
				673011E529104B5E0074C1FE /* AlertX */,
			);
			productName = Animdo;
			productReference = 672871E328F15963009342DA /* Animdo.app */;
			productType = "com.apple.product-type.application";
		};
/* End PBXNativeTarget section */

/* Begin PBXProject section */
		672871DB28F15963009342DA /* Project object */ = {
			isa = PBXProject;
			attributes = {
				BuildIndependentTargetsInParallel = 1;
				LastSwiftUpdateCheck = 1400;
				LastUpgradeCheck = 1400;
				TargetAttributes = {
					672871E228F15963009342DA = {
						CreatedOnToolsVersion = 14.0;
					};
				};
			};
			buildConfigurationList = 672871DE28F15963009342DA /* Build configuration list for PBXProject "Animdo" */;
			compatibilityVersion = "Xcode 14.0";
			developmentRegion = en;
			hasScannedForEncodings = 0;
			knownRegions = (
				en,
				Base,
			);
			mainGroup = 672871DA28F15963009342DA;
			packageReferences = (
				6780CE59290C0E8300DC7C02 /* XCRemoteSwiftPackageReference "firebase-ios-sdk" */,
				6780CE68290C0EA800DC7C02 /* XCRemoteSwiftPackageReference "GoogleSignIn-iOS" */,
				6780CE6D290C0EC900DC7C02 /* XCRemoteSwiftPackageReference "SDWebImageSwiftUI" */,
				6780CE70290C0EE900DC7C02 /* XCRemoteSwiftPackageReference "SwiftKeychainWrapper" */,
				673011E429104B5E0074C1FE /* XCRemoteSwiftPackageReference "AlertX" */,
			);
			productRefGroup = 672871E428F15963009342DA /* Products */;
			projectDirPath = "";
			projectRoot = "";
			targets = (
				672871E228F15963009342DA /* Animdo */,
			);
		};
/* End PBXProject section */

/* Begin PBXResourcesBuildPhase section */
		672871E128F15963009342DA /* Resources */ = {
			isa = PBXResourcesBuildPhase;
			buildActionMask = 2147483647;
			files = (
				672871EE28F15964009342DA /* Preview Assets.xcassets in Resources */,
				672871EB28F15964009342DA /* Assets.xcassets in Resources */,
				673AE97C28F15C26008D1D01 /* Roboto-Light.ttf in Resources */,
				673AE98628F15E03008D1D01 /* JosefinSans-SemiBold.ttf in Resources */,
				67E630F428FF32D100112778 /* GoogleService-Info.plist in Resources */,
				673AE98428F15DFE008D1D01 /* JosefinSans-Light.ttf in Resources */,
				673AE98528F15E00008D1D01 /* JosefinSans-Regular.ttf in Resources */,
				673AE97D28F15C29008D1D01 /* Aladin-Regular.ttf in Resources */,
				673AE98328F15DFA008D1D01 /* JosefinSans-Bold.ttf in Resources */,
			);
			runOnlyForDeploymentPostprocessing = 0;
		};
/* End PBXResourcesBuildPhase section */

/* Begin PBXShellScriptBuildPhase section */
		670E83AD28F8930F00054E02 /* Crashlytics Run Script */ = {
			isa = PBXShellScriptBuildPhase;
			buildActionMask = 2147483647;
			files = (
			);
			inputFileListPaths = (
			);
			inputPaths = (
				"$(BUILT_PRODUCTS_DIR)/$(INFOPLIST_PATH)",
			);
			name = "Crashlytics Run Script";
			outputFileListPaths = (
			);
			outputPaths = (
			);
			runOnlyForDeploymentPostprocessing = 0;
			shellPath = /bin/sh;
			shellScript = "# Type a script or drag a script file from your workspace to insert its path.\n${BUILD_DIR%/Build/*}/SourcePackages/checkouts/firebase-ios-sdk/Crashlytics/run\n";
		};
/* End PBXShellScriptBuildPhase section */

/* Begin PBXSourcesBuildPhase section */
		672871DF28F15963009342DA /* Sources */ = {
			isa = PBXSourcesBuildPhase;
			buildActionMask = 2147483647;
			files = (
				673011DD290FC1670074C1FE /* FilterBtnMyAnimals.swift in Sources */,
				673622B929114E8600CF6471 /* AdoptionDashScreenView.swift in Sources */,
				676F3BFF28F420B500EF9C4A /* LoginScreenView.swift in Sources */,
				678A8555290AD4C400765DC7 /* PurchaseScreenView.swift in Sources */,
				673011EE291130BA0074C1FE /* NameAnimalScreenView.swift in Sources */,
				678A8551290AC2CF00765DC7 /* TokensViewModel.swift in Sources */,
				6726600128F1C5A8003A4E56 /* DashboardScreenView.swift in Sources */,
				67E630EB28FF1B7A00112778 /* LocationManager.swift in Sources */,
				672871E928F15963009342DA /* ContentView.swift in Sources */,
				67E630FE28FFF47000112778 /* GenderTagInput.swift in Sources */,
				678A8553290AC94C00765DC7 /* IAPStoreViewModel.swift in Sources */,
				672871E728F15963009342DA /* AnimdoApp.swift in Sources */,
				670E839B28F890A500054E02 /* ForgotPasswordScreenView.swift in Sources */,
				67215E4328FC127800490C66 /* HomeScreenView.swift in Sources */,
				67B03EA02905673400FC3F0C /* User.swift in Sources */,
				6721E1E928FA9ACF00D79AEC /* LogRegViewModel.swift in Sources */,
				67DA552C29052699002C69FA /* PasswordInputs.swift in Sources */,
				673011EC291116A90074C1FE /* CustomPin.swift in Sources */,
				678A8559290B1FC300765DC7 /* PurchasefailScreenView.swift in Sources */,
				6726600728F2C19F003A4E56 /* OffsetPageTabView.swift in Sources */,
				673AE98A28F174D0008D1D01 /* Onboarding.swift in Sources */,
				67B03EA2290569ED00FC3F0C /* UserViewModel.swift in Sources */,
				6723DB8D28FC222E00A07A86 /* LogRegInputs.swift in Sources */,
				678A8557290AD6AE00765DC7 /* TestScreenView.swift in Sources */,
				67215E4528FC12C400490C66 /* AdoptionScreenView.swift in Sources */,
				67D6064A2906C435000BF4C6 /* TagAnimalViewModel.swift in Sources */,
				673011EA291105190074C1FE /* MyAnimalMapScreenView.swift in Sources */,
				673011E1291015ED0074C1FE /* MyAnimalsDetailScreenView.swift in Sources */,
				67D6064C2906FEC9000BF4C6 /* AllAnimals.swift in Sources */,
				67215E4728FC12F300490C66 /* MyAnimalsScreenView.swift in Sources */,
				6726600328F2BCB9003A4E56 /* OnboardingRegisterScreenView.swift in Sources */,
				67C872C629082C2B00C3A7E3 /* DashboardDetailScreenView.swift in Sources */,
				6772DB1D290FB2310035A618 /* FilterBtnAdoption.swift in Sources */,
				67EE39BF28FDD9FD005CDDB5 /* CustomAnimdoClassifier.mlmodel in Sources */,
				67D6064E2907001D000BF4C6 /* AllAnimalsViewModel.swift in Sources */,
				673011DF290FF79D0074C1FE /* MyAnimalComp.swift in Sources */,
				673011DB290FBD020074C1FE /* AdoptionCard.swift in Sources */,
				67E630FC28FFF46300112778 /* AgeTagInput.swift in Sources */,
				6726600528F2BCF4003A4E56 /* OnRegister.swift in Sources */,
				67EE39B528FD5DDF005CDDB5 /* UIImage+Extension.swift in Sources */,
				67EE39C328FDF6CD005CDDB5 /* TextClassifier.swift in Sources */,
				6772DAF4290C15960035A618 /* SpesificLocationManager.swift in Sources */,
				676F3C0328F435FC00EF9C4A /* ImagePicker.swift in Sources */,
				673AE98828F160DE008D1D01 /* SplashScreenView.swift in Sources */,
				673AE98C28F17596008D1D01 /* OnboardingScreenView.swift in Sources */,
				67C872C42908199900C3A7E3 /* DashboardAnimals.swift in Sources */,
				678A854F290AC1EE00765DC7 /* Purchasable.swift in Sources */,
				673011E3291035110074C1FE /* MyAnimalsPurchaseFail.swift in Sources */,
				6798C85D2907F19600FCD00E /* SettingsScreenView.swift in Sources */,
				67215E4928FC131400490C66 /* TagScreenView.swift in Sources */,
				67EE39C128FDDB54005CDDB5 /* VisionClassifier.swift in Sources */,
			);
			runOnlyForDeploymentPostprocessing = 0;
		};
/* End PBXSourcesBuildPhase section */

/* Begin XCBuildConfiguration section */
		672871EF28F15964009342DA /* Debug */ = {
			isa = XCBuildConfiguration;
			buildSettings = {
				ALWAYS_SEARCH_USER_PATHS = NO;
				CLANG_ANALYZER_NONNULL = YES;
				CLANG_ANALYZER_NUMBER_OBJECT_CONVERSION = YES_AGGRESSIVE;
				CLANG_CXX_LANGUAGE_STANDARD = "gnu++20";
				CLANG_ENABLE_MODULES = YES;
				CLANG_ENABLE_OBJC_ARC = YES;
				CLANG_ENABLE_OBJC_WEAK = YES;
				CLANG_WARN_BLOCK_CAPTURE_AUTORELEASING = YES;
				CLANG_WARN_BOOL_CONVERSION = YES;
				CLANG_WARN_COMMA = YES;
				CLANG_WARN_CONSTANT_CONVERSION = YES;
				CLANG_WARN_DEPRECATED_OBJC_IMPLEMENTATIONS = YES;
				CLANG_WARN_DIRECT_OBJC_ISA_USAGE = YES_ERROR;
				CLANG_WARN_DOCUMENTATION_COMMENTS = YES;
				CLANG_WARN_EMPTY_BODY = YES;
				CLANG_WARN_ENUM_CONVERSION = YES;
				CLANG_WARN_INFINITE_RECURSION = YES;
				CLANG_WARN_INT_CONVERSION = YES;
				CLANG_WARN_NON_LITERAL_NULL_CONVERSION = YES;
				CLANG_WARN_OBJC_IMPLICIT_RETAIN_SELF = YES;
				CLANG_WARN_OBJC_LITERAL_CONVERSION = YES;
				CLANG_WARN_OBJC_ROOT_CLASS = YES_ERROR;
				CLANG_WARN_QUOTED_INCLUDE_IN_FRAMEWORK_HEADER = YES;
				CLANG_WARN_RANGE_LOOP_ANALYSIS = YES;
				CLANG_WARN_STRICT_PROTOTYPES = YES;
				CLANG_WARN_SUSPICIOUS_MOVE = YES;
				CLANG_WARN_UNGUARDED_AVAILABILITY = YES_AGGRESSIVE;
				CLANG_WARN_UNREACHABLE_CODE = YES;
				CLANG_WARN__DUPLICATE_METHOD_MATCH = YES;
				COPY_PHASE_STRIP = NO;
				DEBUG_INFORMATION_FORMAT = "dwarf-with-dsym";
				ENABLE_STRICT_OBJC_MSGSEND = YES;
				ENABLE_TESTABILITY = YES;
				GCC_C_LANGUAGE_STANDARD = gnu11;
				GCC_DYNAMIC_NO_PIC = NO;
				GCC_NO_COMMON_BLOCKS = YES;
				GCC_OPTIMIZATION_LEVEL = 0;
				GCC_PREPROCESSOR_DEFINITIONS = (
					"DEBUG=1",
					"$(inherited)",
				);
				GCC_WARN_64_TO_32_BIT_CONVERSION = YES;
				GCC_WARN_ABOUT_RETURN_TYPE = YES_ERROR;
				GCC_WARN_UNDECLARED_SELECTOR = YES;
				GCC_WARN_UNINITIALIZED_AUTOS = YES_AGGRESSIVE;
				GCC_WARN_UNUSED_FUNCTION = YES;
				GCC_WARN_UNUSED_VARIABLE = YES;
				IPHONEOS_DEPLOYMENT_TARGET = 16.0;
				MTL_ENABLE_DEBUG_INFO = INCLUDE_SOURCE;
				MTL_FAST_MATH = YES;
				ONLY_ACTIVE_ARCH = YES;
				OTHER_LDFLAGS = "-ObjC";
				SDKROOT = iphoneos;
				SWIFT_ACTIVE_COMPILATION_CONDITIONS = DEBUG;
				SWIFT_OPTIMIZATION_LEVEL = "-Onone";
			};
			name = Debug;
		};
		672871F028F15964009342DA /* Release */ = {
			isa = XCBuildConfiguration;
			buildSettings = {
				ALWAYS_SEARCH_USER_PATHS = NO;
				CLANG_ANALYZER_NONNULL = YES;
				CLANG_ANALYZER_NUMBER_OBJECT_CONVERSION = YES_AGGRESSIVE;
				CLANG_CXX_LANGUAGE_STANDARD = "gnu++20";
				CLANG_ENABLE_MODULES = YES;
				CLANG_ENABLE_OBJC_ARC = YES;
				CLANG_ENABLE_OBJC_WEAK = YES;
				CLANG_WARN_BLOCK_CAPTURE_AUTORELEASING = YES;
				CLANG_WARN_BOOL_CONVERSION = YES;
				CLANG_WARN_COMMA = YES;
				CLANG_WARN_CONSTANT_CONVERSION = YES;
				CLANG_WARN_DEPRECATED_OBJC_IMPLEMENTATIONS = YES;
				CLANG_WARN_DIRECT_OBJC_ISA_USAGE = YES_ERROR;
				CLANG_WARN_DOCUMENTATION_COMMENTS = YES;
				CLANG_WARN_EMPTY_BODY = YES;
				CLANG_WARN_ENUM_CONVERSION = YES;
				CLANG_WARN_INFINITE_RECURSION = YES;
				CLANG_WARN_INT_CONVERSION = YES;
				CLANG_WARN_NON_LITERAL_NULL_CONVERSION = YES;
				CLANG_WARN_OBJC_IMPLICIT_RETAIN_SELF = YES;
				CLANG_WARN_OBJC_LITERAL_CONVERSION = YES;
				CLANG_WARN_OBJC_ROOT_CLASS = YES_ERROR;
				CLANG_WARN_QUOTED_INCLUDE_IN_FRAMEWORK_HEADER = YES;
				CLANG_WARN_RANGE_LOOP_ANALYSIS = YES;
				CLANG_WARN_STRICT_PROTOTYPES = YES;
				CLANG_WARN_SUSPICIOUS_MOVE = YES;
				CLANG_WARN_UNGUARDED_AVAILABILITY = YES_AGGRESSIVE;
				CLANG_WARN_UNREACHABLE_CODE = YES;
				CLANG_WARN__DUPLICATE_METHOD_MATCH = YES;
				COPY_PHASE_STRIP = NO;
				DEBUG_INFORMATION_FORMAT = "dwarf-with-dsym";
				ENABLE_NS_ASSERTIONS = NO;
				ENABLE_STRICT_OBJC_MSGSEND = YES;
				GCC_C_LANGUAGE_STANDARD = gnu11;
				GCC_NO_COMMON_BLOCKS = YES;
				GCC_WARN_64_TO_32_BIT_CONVERSION = YES;
				GCC_WARN_ABOUT_RETURN_TYPE = YES_ERROR;
				GCC_WARN_UNDECLARED_SELECTOR = YES;
				GCC_WARN_UNINITIALIZED_AUTOS = YES_AGGRESSIVE;
				GCC_WARN_UNUSED_FUNCTION = YES;
				GCC_WARN_UNUSED_VARIABLE = YES;
				IPHONEOS_DEPLOYMENT_TARGET = 16.0;
				MTL_ENABLE_DEBUG_INFO = NO;
				MTL_FAST_MATH = YES;
				OTHER_LDFLAGS = "-ObjC";
				SDKROOT = iphoneos;
				SWIFT_COMPILATION_MODE = wholemodule;
				SWIFT_OPTIMIZATION_LEVEL = "-O";
				VALIDATE_PRODUCT = YES;
			};
			name = Release;
		};
		672871F228F15964009342DA /* Debug */ = {
			isa = XCBuildConfiguration;
			buildSettings = {
				ASSETCATALOG_COMPILER_APPICON_NAME = AppIcon;
				ASSETCATALOG_COMPILER_GLOBAL_ACCENT_COLOR_NAME = AccentColor;
				CODE_SIGN_ENTITLEMENTS = Animdo/Animdo.entitlements;
				CODE_SIGN_IDENTITY = "Apple Development";
				CODE_SIGN_STYLE = Automatic;
				CURRENT_PROJECT_VERSION = 1;
				DEBUG_INFORMATION_FORMAT = "dwarf-with-dsym";
				DEVELOPMENT_ASSET_PATHS = "\"Animdo/Preview Content\"";
				DEVELOPMENT_TEAM = JZGBV9FVW4;
				ENABLE_PREVIEWS = YES;
				GENERATE_INFOPLIST_FILE = YES;
				INFOPLIST_FILE = Animdo/Info.plist;
				INFOPLIST_KEY_NSCameraUsageDescription = "Please Allow Animdo the ability to access the camera";
				INFOPLIST_KEY_NSLocationAlwaysAndWhenInUseUsageDescription = "We want to help you get your current location";
				INFOPLIST_KEY_NSLocationWhenInUseUsageDescription = "We want to help you get your current location";
				INFOPLIST_KEY_UIApplicationSceneManifest_Generation = YES;
				INFOPLIST_KEY_UIApplicationSupportsIndirectInputEvents = YES;
				INFOPLIST_KEY_UILaunchScreen_Generation = YES;
				INFOPLIST_KEY_UISupportedInterfaceOrientations_iPad = "UIInterfaceOrientationPortrait UIInterfaceOrientationPortraitUpsideDown UIInterfaceOrientationLandscapeLeft UIInterfaceOrientationLandscapeRight";
				INFOPLIST_KEY_UISupportedInterfaceOrientations_iPhone = "UIInterfaceOrientationPortrait UIInterfaceOrientationLandscapeLeft UIInterfaceOrientationLandscapeRight";
				IPHONEOS_DEPLOYMENT_TARGET = 16.0;
				LD_RUNPATH_SEARCH_PATHS = (
					"$(inherited)",
					"@executable_path/Frameworks",
				);
				MARKETING_VERSION = 1.0;
				OTHER_LDFLAGS = "-ObjC";
				PRODUCT_BUNDLE_IDENTIFIER = com.openwindow.Animdo;
				PRODUCT_NAME = "$(TARGET_NAME)";
				PROVISIONING_PROFILE_SPECIFIER = "";
				SWIFT_EMIT_LOC_STRINGS = YES;
				SWIFT_VERSION = 5.0;
				TARGETED_DEVICE_FAMILY = "1,2";
			};
			name = Debug;
		};
		672871F328F15964009342DA /* Release */ = {
			isa = XCBuildConfiguration;
			buildSettings = {
				ASSETCATALOG_COMPILER_APPICON_NAME = AppIcon;
				ASSETCATALOG_COMPILER_GLOBAL_ACCENT_COLOR_NAME = AccentColor;
				CODE_SIGN_ENTITLEMENTS = Animdo/Animdo.entitlements;
				CODE_SIGN_IDENTITY = "Apple Development";
				CODE_SIGN_STYLE = Automatic;
				CURRENT_PROJECT_VERSION = 1;
				DEBUG_INFORMATION_FORMAT = "dwarf-with-dsym";
				DEVELOPMENT_ASSET_PATHS = "\"Animdo/Preview Content\"";
				DEVELOPMENT_TEAM = JZGBV9FVW4;
				ENABLE_PREVIEWS = YES;
				GENERATE_INFOPLIST_FILE = YES;
				INFOPLIST_FILE = Animdo/Info.plist;
				INFOPLIST_KEY_NSCameraUsageDescription = "Please Allow Animdo the ability to access the camera";
				INFOPLIST_KEY_NSLocationAlwaysAndWhenInUseUsageDescription = "We want to help you get your current location";
				INFOPLIST_KEY_NSLocationWhenInUseUsageDescription = "We want to help you get your current location";
				INFOPLIST_KEY_UIApplicationSceneManifest_Generation = YES;
				INFOPLIST_KEY_UIApplicationSupportsIndirectInputEvents = YES;
				INFOPLIST_KEY_UILaunchScreen_Generation = YES;
				INFOPLIST_KEY_UISupportedInterfaceOrientations_iPad = "UIInterfaceOrientationPortrait UIInterfaceOrientationPortraitUpsideDown UIInterfaceOrientationLandscapeLeft UIInterfaceOrientationLandscapeRight";
				INFOPLIST_KEY_UISupportedInterfaceOrientations_iPhone = "UIInterfaceOrientationPortrait UIInterfaceOrientationLandscapeLeft UIInterfaceOrientationLandscapeRight";
				IPHONEOS_DEPLOYMENT_TARGET = 16.0;
				LD_RUNPATH_SEARCH_PATHS = (
					"$(inherited)",
					"@executable_path/Frameworks",
				);
				MARKETING_VERSION = 1.0;
				OTHER_LDFLAGS = "-ObjC";
				PRODUCT_BUNDLE_IDENTIFIER = com.openwindow.Animdo;
				PRODUCT_NAME = "$(TARGET_NAME)";
				PROVISIONING_PROFILE_SPECIFIER = "";
				SWIFT_EMIT_LOC_STRINGS = YES;
				SWIFT_VERSION = 5.0;
				TARGETED_DEVICE_FAMILY = "1,2";
			};
			name = Release;
		};
/* End XCBuildConfiguration section */

/* Begin XCConfigurationList section */
		672871DE28F15963009342DA /* Build configuration list for PBXProject "Animdo" */ = {
			isa = XCConfigurationList;
			buildConfigurations = (
				672871EF28F15964009342DA /* Debug */,
				672871F028F15964009342DA /* Release */,
			);
			defaultConfigurationIsVisible = 0;
			defaultConfigurationName = Release;
		};
		672871F128F15964009342DA /* Build configuration list for PBXNativeTarget "Animdo" */ = {
			isa = XCConfigurationList;
			buildConfigurations = (
				672871F228F15964009342DA /* Debug */,
				672871F328F15964009342DA /* Release */,
			);
			defaultConfigurationIsVisible = 0;
			defaultConfigurationName = Release;
		};
/* End XCConfigurationList section */

/* Begin XCRemoteSwiftPackageReference section */
		673011E429104B5E0074C1FE /* XCRemoteSwiftPackageReference "AlertX" */ = {
			isa = XCRemoteSwiftPackageReference;
			repositoryURL = "https://github.com/neel-makhecha/AlertX.git";
			requirement = {
				branch = master;
				kind = branch;
			};
		};
		6780CE59290C0E8300DC7C02 /* XCRemoteSwiftPackageReference "firebase-ios-sdk" */ = {
			isa = XCRemoteSwiftPackageReference;
			repositoryURL = "https://github.com/firebase/firebase-ios-sdk";
			requirement = {
				kind = upToNextMajorVersion;
				minimumVersion = 9.0.0;
			};
		};
		6780CE68290C0EA800DC7C02 /* XCRemoteSwiftPackageReference "GoogleSignIn-iOS" */ = {
			isa = XCRemoteSwiftPackageReference;
			repositoryURL = "https://github.com/google/GoogleSignIn-iOS.git";
			requirement = {
				kind = upToNextMajorVersion;
				minimumVersion = 6.0.0;
			};
		};
		6780CE6D290C0EC900DC7C02 /* XCRemoteSwiftPackageReference "SDWebImageSwiftUI" */ = {
			isa = XCRemoteSwiftPackageReference;
			repositoryURL = "https://github.com/SDWebImage/SDWebImageSwiftUI.git";
			requirement = {
				kind = upToNextMajorVersion;
				minimumVersion = 2.0.0;
			};
		};
		6780CE70290C0EE900DC7C02 /* XCRemoteSwiftPackageReference "SwiftKeychainWrapper" */ = {
			isa = XCRemoteSwiftPackageReference;
			repositoryURL = "https://github.com/jrendel/SwiftKeychainWrapper.git";
			requirement = {
				kind = upToNextMajorVersion;
				minimumVersion = 4.0.0;
			};
		};
/* End XCRemoteSwiftPackageReference section */

/* Begin XCSwiftPackageProductDependency section */
		673011E529104B5E0074C1FE /* AlertX */ = {
			isa = XCSwiftPackageProductDependency;
			package = 673011E429104B5E0074C1FE /* XCRemoteSwiftPackageReference "AlertX" */;
			productName = AlertX;
		};
		6780CE5A290C0E8300DC7C02 /* FirebaseAnalytics */ = {
			isa = XCSwiftPackageProductDependency;
			package = 6780CE59290C0E8300DC7C02 /* XCRemoteSwiftPackageReference "firebase-ios-sdk" */;
			productName = FirebaseAnalytics;
		};
		6780CE5C290C0E8300DC7C02 /* FirebaseAppCheck */ = {
			isa = XCSwiftPackageProductDependency;
			package = 6780CE59290C0E8300DC7C02 /* XCRemoteSwiftPackageReference "firebase-ios-sdk" */;
			productName = FirebaseAppCheck;
		};
		6780CE5E290C0E8300DC7C02 /* FirebaseAuth */ = {
			isa = XCSwiftPackageProductDependency;
			package = 6780CE59290C0E8300DC7C02 /* XCRemoteSwiftPackageReference "firebase-ios-sdk" */;
			productName = FirebaseAuth;
		};
		6780CE60290C0E8300DC7C02 /* FirebaseCrashlytics */ = {
			isa = XCSwiftPackageProductDependency;
			package = 6780CE59290C0E8300DC7C02 /* XCRemoteSwiftPackageReference "firebase-ios-sdk" */;
			productName = FirebaseCrashlytics;
		};
		6780CE62290C0E8300DC7C02 /* FirebaseDatabase */ = {
			isa = XCSwiftPackageProductDependency;
			package = 6780CE59290C0E8300DC7C02 /* XCRemoteSwiftPackageReference "firebase-ios-sdk" */;
			productName = FirebaseDatabase;
		};
		6780CE64290C0E8300DC7C02 /* FirebaseFirestore */ = {
			isa = XCSwiftPackageProductDependency;
			package = 6780CE59290C0E8300DC7C02 /* XCRemoteSwiftPackageReference "firebase-ios-sdk" */;
			productName = FirebaseFirestore;
		};
		6780CE66290C0E8300DC7C02 /* FirebaseStorage */ = {
			isa = XCSwiftPackageProductDependency;
			package = 6780CE59290C0E8300DC7C02 /* XCRemoteSwiftPackageReference "firebase-ios-sdk" */;
			productName = FirebaseStorage;
		};
		6780CE69290C0EA800DC7C02 /* GoogleSignIn */ = {
			isa = XCSwiftPackageProductDependency;
			package = 6780CE68290C0EA800DC7C02 /* XCRemoteSwiftPackageReference "GoogleSignIn-iOS" */;
			productName = GoogleSignIn;
		};
		6780CE6B290C0EA800DC7C02 /* GoogleSignInSwift */ = {
			isa = XCSwiftPackageProductDependency;
			package = 6780CE68290C0EA800DC7C02 /* XCRemoteSwiftPackageReference "GoogleSignIn-iOS" */;
			productName = GoogleSignInSwift;
		};
		6780CE6E290C0EC900DC7C02 /* SDWebImageSwiftUI */ = {
			isa = XCSwiftPackageProductDependency;
			package = 6780CE6D290C0EC900DC7C02 /* XCRemoteSwiftPackageReference "SDWebImageSwiftUI" */;
			productName = SDWebImageSwiftUI;
		};
		6780CE71290C0EE900DC7C02 /* SwiftKeychainWrapper */ = {
			isa = XCSwiftPackageProductDependency;
			package = 6780CE70290C0EE900DC7C02 /* XCRemoteSwiftPackageReference "SwiftKeychainWrapper" */;
			productName = SwiftKeychainWrapper;
		};
/* End XCSwiftPackageProductDependency section */
	};
	rootObject = 672871DB28F15963009342DA /* Project object */;
}
